
Microsoft Visual Studio Solution File, Format Version 10.00
# Visual Studio 2008
Project("{FAE04EC0-301F-11D3-BF4B-00C04F79EFBC}") = "APD", "APD\APD.csproj", "{0A457BB2-30F1-4A6B-A810-2EECB6E3EC9F}"
EndProject
Global
	GlobalSection(SolutionConfigurationPlatforms) = preSolution
		Debug|Any CPU = Debug|Any CPU
		Release|Any CPU = Release|Any CPU
	EndGlobalSection
	GlobalSection(ProjectConfigurationPlatforms) = postSolution
		{0A457BB2-30F1-4A6B-A810-2EECB6E3EC9F}.Debug|Any CPU.ActiveCfg = Debug|Any CPU
		{0A457BB2-30F1-4A6B-A810-2EECB6E3EC9F}.Debug|Any CPU.Build.0 = Debug|Any CPU
		{0A457BB2-30F1-4A6B-A810-2EECB6E3EC9F}.Release|Any CPU.ActiveCfg = Release|Any CPU
		{0A457BB2-30F1-4A6B-A810-2EECB6E3EC9F}.Release|Any CPU.Build.0 = Release|Any CPU
	EndGlobalSection
	GlobalSection(SolutionProperties) = preSolution
		HideSolutionNode = FALSE
	EndGlobalSection
EndGlobal
